
Microsoft Visual Studio Solution File, Format Version 12.00
# Visual Studio Version 16
VisualStudioVersion = 16.0.31702.278
MinimumVisualStudioVersion = 10.0.40219.1
Project("{9A19103F-16F7-4668-BE54-9A1E7A4F7556}") = "NASA", "NASA\NASA.csproj", "{7368D869-F389-4647-8461-F8A6377107A9}"
EndProject
Project("{9A19103F-16F7-4668-BE54-9A1E7A4F7556}") = "NASA.BL", "NASA.BL\NASA.BL.csproj", "{F5BD358A-E0CD-473C-8F8F-3FD507877921}"
EndProject
Project("{9A19103F-16F7-4668-BE54-9A1E7A4F7556}") = "NASA.BE", "NASA.BE\NASA.BE.csproj", "{28CF43A8-92A2-4361-B0D9-63FFC2B6AE7C}"
EndProject
Project("{9A19103F-16F7-4668-BE54-9A1E7A4F7556}") = "NASA.DAL", "NASA.DAL\NASA.DAL.csproj", "{3012A6E0-760D-428F-B092-D62AFA4CE84B}"
EndProject
Global
	GlobalSection(SolutionConfigurationPlatforms) = preSolution
		Debug|Any CPU = Debug|Any CPU
		Release|Any CPU = Release|Any CPU
	EndGlobalSection
	GlobalSection(ProjectConfigurationPlatforms) = postSolution
		{7368D869-F389-4647-8461-F8A6377107A9}.Debug|Any CPU.ActiveCfg = Debug|Any CPU
		{7368D869-F389-4647-8461-F8A6377107A9}.Debug|Any CPU.Build.0 = Debug|Any CPU
		{7368D869-F389-4647-8461-F8A6377107A9}.Release|Any CPU.ActiveCfg = Release|Any CPU
		{7368D869-F389-4647-8461-F8A6377107A9}.Release|Any CPU.Build.0 = Release|Any CPU
		{F5BD358A-E0CD-473C-8F8F-3FD507877921}.Debug|Any CPU.ActiveCfg = Debug|Any CPU
		{F5BD358A-E0CD-473C-8F8F-3FD507877921}.Debug|Any CPU.Build.0 = Debug|Any CPU
		{F5BD358A-E0CD-473C-8F8F-3FD507877921}.Release|Any CPU.ActiveCfg = Release|Any CPU
		{F5BD358A-E0CD-473C-8F8F-3FD507877921}.Release|Any CPU.Build.0 = Release|Any CPU
		{28CF43A8-92A2-4361-B0D9-63FFC2B6AE7C}.Debug|Any CPU.ActiveCfg = Debug|Any CPU
		{28CF43A8-92A2-4361-B0D9-63FFC2B6AE7C}.Debug|Any CPU.Build.0 = Debug|Any CPU
		{28CF43A8-92A2-4361-B0D9-63FFC2B6AE7C}.Release|Any CPU.ActiveCfg = Release|Any CPU
		{28CF43A8-92A2-4361-B0D9-63FFC2B6AE7C}.Release|Any CPU.Build.0 = Release|Any CPU
		{3012A6E0-760D-428F-B092-D62AFA4CE84B}.Debug|Any CPU.ActiveCfg = Debug|Any CPU
		{3012A6E0-760D-428F-B092-D62AFA4CE84B}.Debug|Any CPU.Build.0 = Debug|Any CPU
		{3012A6E0-760D-428F-B092-D62AFA4CE84B}.Release|Any CPU.ActiveCfg = Release|Any CPU
		{3012A6E0-760D-428F-B092-D62AFA4CE84B}.Release|Any CPU.Build.0 = Release|Any CPU
	EndGlobalSection
	GlobalSection(SolutionProperties) = preSolution
		HideSolutionNode = FALSE
	EndGlobalSection
	GlobalSection(ExtensibilityGlobals) = postSolution
		SolutionGuid = {298BD69D-CB7D-41D8-B659-31127FD989FD}
	EndGlobalSection
EndGlobal
